
Microsoft Visual Studio Solution File, Format Version 12.00
# Visual Studio Version 16
VisualStudioVersion = 16.0.30114.105
MinimumVisualStudioVersion = 10.0.40219.1
Project("{9A19103F-16F7-4668-BE54-9A1E7A4F7556}") = "MyLibrary", "MyLibrary\MyLibrary.csproj", "{7C461F54-37AE-4132-A661-A06F2C4E2E3A}"
EndProject
Project("{2150E333-8FDC-42A3-9474-1A3956D46DE8}") = "CORE", "CORE", "{024E2BF3-57AA-4617-B2F5-BF96B2CC0A19}"
EndProject
Project("{2150E333-8FDC-42A3-9474-1A3956D46DE8}") = "INFRASTRUCTURE", "INFRASTRUCTURE", "{35A60AFD-9E52-4E75-9340-4CCB04800C16}"
EndProject
Project("{9A19103F-16F7-4668-BE54-9A1E7A4F7556}") = "MyLibrary.BLL", "MyLibrary.BLL\MyLibrary.BLL.csproj", "{D15B40DF-102F-4113-81E2-9DCBBBA22758}"
EndProject
Project("{9A19103F-16F7-4668-BE54-9A1E7A4F7556}") = "MyLibrary.Context", "MyLibrary.Context\MyLibrary.Context.csproj", "{374D5A76-C5CB-4C9C-917C-81F3E87DB508}"
EndProject
Project("{9A19103F-16F7-4668-BE54-9A1E7A4F7556}") = "MyLibrary.Entities", "MyLibrary.Entities\MyLibrary.Entities.csproj", "{6ACD5ADF-F531-482B-A086-7A9529DDDE33}"
EndProject
Project("{9A19103F-16F7-4668-BE54-9A1E7A4F7556}") = "MyLibrary.Repositories", "MyLibrary.Repositories\MyLibrary.Repositories.csproj", "{F9B3869F-2B28-4634-9D5B-6311551C4D65}"
EndProject
Project("{9A19103F-16F7-4668-BE54-9A1E7A4F7556}") = "MyLibrary.Domain", "MyLibrary.Domain\MyLibrary.Domain.csproj", "{473A37A4-2F34-4972-AE78-D48D8B18358B}"
EndProject
Project("{FAE04EC0-301F-11D3-BF4B-00C04F79EFBC}") = "MyLibrary.ViewModels", "MyLibrary.ViewModels\MyLibrary.ViewModels.csproj", "{8F3E5162-0A03-4691-9B10-921631445427}"
EndProject
Global
	GlobalSection(SolutionConfigurationPlatforms) = preSolution
		Debug|Any CPU = Debug|Any CPU
		Release|Any CPU = Release|Any CPU
	EndGlobalSection
	GlobalSection(ProjectConfigurationPlatforms) = postSolution
		{7C461F54-37AE-4132-A661-A06F2C4E2E3A}.Debug|Any CPU.ActiveCfg = Debug|Any CPU
		{7C461F54-37AE-4132-A661-A06F2C4E2E3A}.Debug|Any CPU.Build.0 = Debug|Any CPU
		{7C461F54-37AE-4132-A661-A06F2C4E2E3A}.Release|Any CPU.ActiveCfg = Release|Any CPU
		{7C461F54-37AE-4132-A661-A06F2C4E2E3A}.Release|Any CPU.Build.0 = Release|Any CPU
		{D15B40DF-102F-4113-81E2-9DCBBBA22758}.Debug|Any CPU.ActiveCfg = Debug|Any CPU
		{D15B40DF-102F-4113-81E2-9DCBBBA22758}.Debug|Any CPU.Build.0 = Debug|Any CPU
		{D15B40DF-102F-4113-81E2-9DCBBBA22758}.Release|Any CPU.ActiveCfg = Release|Any CPU
		{D15B40DF-102F-4113-81E2-9DCBBBA22758}.Release|Any CPU.Build.0 = Release|Any CPU
		{374D5A76-C5CB-4C9C-917C-81F3E87DB508}.Debug|Any CPU.ActiveCfg = Debug|Any CPU
		{374D5A76-C5CB-4C9C-917C-81F3E87DB508}.Debug|Any CPU.Build.0 = Debug|Any CPU
		{374D5A76-C5CB-4C9C-917C-81F3E87DB508}.Release|Any CPU.ActiveCfg = Release|Any CPU
		{374D5A76-C5CB-4C9C-917C-81F3E87DB508}.Release|Any CPU.Build.0 = Release|Any CPU
		{6ACD5ADF-F531-482B-A086-7A9529DDDE33}.Debug|Any CPU.ActiveCfg = Debug|Any CPU
		{6ACD5ADF-F531-482B-A086-7A9529DDDE33}.Debug|Any CPU.Build.0 = Debug|Any CPU
		{6ACD5ADF-F531-482B-A086-7A9529DDDE33}.Release|Any CPU.ActiveCfg = Release|Any CPU
		{6ACD5ADF-F531-482B-A086-7A9529DDDE33}.Release|Any CPU.Build.0 = Release|Any CPU
		{F9B3869F-2B28-4634-9D5B-6311551C4D65}.Debug|Any CPU.ActiveCfg = Debug|Any CPU
		{F9B3869F-2B28-4634-9D5B-6311551C4D65}.Debug|Any CPU.Build.0 = Debug|Any CPU
		{F9B3869F-2B28-4634-9D5B-6311551C4D65}.Release|Any CPU.ActiveCfg = Release|Any CPU
		{F9B3869F-2B28-4634-9D5B-6311551C4D65}.Release|Any CPU.Build.0 = Release|Any CPU
		{473A37A4-2F34-4972-AE78-D48D8B18358B}.Debug|Any CPU.ActiveCfg = Debug|Any CPU
		{473A37A4-2F34-4972-AE78-D48D8B18358B}.Debug|Any CPU.Build.0 = Debug|Any CPU
		{473A37A4-2F34-4972-AE78-D48D8B18358B}.Release|Any CPU.ActiveCfg = Release|Any CPU
		{473A37A4-2F34-4972-AE78-D48D8B18358B}.Release|Any CPU.Build.0 = Release|Any CPU
		{8F3E5162-0A03-4691-9B10-921631445427}.Debug|Any CPU.ActiveCfg = Debug|Any CPU
		{8F3E5162-0A03-4691-9B10-921631445427}.Debug|Any CPU.Build.0 = Debug|Any CPU
		{8F3E5162-0A03-4691-9B10-921631445427}.Release|Any CPU.ActiveCfg = Release|Any CPU
		{8F3E5162-0A03-4691-9B10-921631445427}.Release|Any CPU.Build.0 = Release|Any CPU
	EndGlobalSection
	GlobalSection(SolutionProperties) = preSolution
		HideSolutionNode = FALSE
	EndGlobalSection
	GlobalSection(NestedProjects) = preSolution
		{D15B40DF-102F-4113-81E2-9DCBBBA22758} = {024E2BF3-57AA-4617-B2F5-BF96B2CC0A19}
		{374D5A76-C5CB-4C9C-917C-81F3E87DB508} = {35A60AFD-9E52-4E75-9340-4CCB04800C16}
		{6ACD5ADF-F531-482B-A086-7A9529DDDE33} = {35A60AFD-9E52-4E75-9340-4CCB04800C16}
		{F9B3869F-2B28-4634-9D5B-6311551C4D65} = {35A60AFD-9E52-4E75-9340-4CCB04800C16}
		{473A37A4-2F34-4972-AE78-D48D8B18358B} = {35A60AFD-9E52-4E75-9340-4CCB04800C16}
		{8F3E5162-0A03-4691-9B10-921631445427} = {024E2BF3-57AA-4617-B2F5-BF96B2CC0A19}
	EndGlobalSection
	GlobalSection(ExtensibilityGlobals) = postSolution
		SolutionGuid = {5102C4F5-D466-461D-B567-863232815FF0}
	EndGlobalSection
EndGlobal
